
Microsoft Visual Studio Solution File, Format Version 12.00
# Visual Studio Version 17
VisualStudioVersion = 17.7.34031.279
MinimumVisualStudioVersion = 10.0.40219.1
Project("{2150E333-8FDC-42A3-9474-1A3956D46DE8}") = "src", "src", "{F442AEE8-BA7F-47D3-9DA7-018BFFB6218B}"
EndProject
Project("{2150E333-8FDC-42A3-9474-1A3956D46DE8}") = "UI", "UI", "{B6883195-8C54-4242-9C49-40CB15447024}"
EndProject
Project("{2150E333-8FDC-42A3-9474-1A3956D46DE8}") = "Infrastructures", "Infrastructures", "{EB5923E9-3DF7-4E15-8C85-914FF656892E}"
EndProject
Project("{2150E333-8FDC-42A3-9474-1A3956D46DE8}") = "Core", "Core", "{397B856A-B6BD-465C-A577-4F3D3C7B3CD0}"
EndProject
Project("{9A19103F-16F7-4668-BE54-9A1E7A4F7556}") = "ChatRoom.Domain", "ChatRoom.Domain\ChatRoom.Domain.csproj", "{4D737E3B-A46C-4333-B30C-FA6AEBEF4E0F}"
EndProject
Project("{9A19103F-16F7-4668-BE54-9A1E7A4F7556}") = "ChatRoom.Application", "ChatRoom.Application\ChatRoom.Application.csproj", "{08C99E3D-AEF4-470C-B450-DC75E16D9348}"
EndProject
Project("{2150E333-8FDC-42A3-9474-1A3956D46DE8}") = "API", "API", "{0BF35B2C-C17D-4AFF-B9D4-03A853A3456C}"
EndProject
Project("{9A19103F-16F7-4668-BE54-9A1E7A4F7556}") = "ChatRoom.Infrastructure", "ChatRoom.Infrastructure\ChatRoom.Infrastructure.csproj", "{4E34BA44-E064-49BA-A4BE-AF21D117C1F3}"
EndProject
Project("{9A19103F-16F7-4668-BE54-9A1E7A4F7556}") = "ChatRoom.Persistence", "ChatRoom.Persistence\ChatRoom.Persistence.csproj", "{47F45138-381E-406A-B6AB-BA8A6E04BCF7}"
EndProject
Project("{9A19103F-16F7-4668-BE54-9A1E7A4F7556}") = "ChatRoom.Api", "ChatRoom.Api\ChatRoom.Api.csproj", "{EB938944-3861-4425-92D1-497733F3DFC5}"
EndProject
Project("{9A19103F-16F7-4668-BE54-9A1E7A4F7556}") = "ChatRoomAsp", "ChatRoomAsp\ChatRoomAsp.csproj", "{AB49F182-6FAE-4D23-9DD8-30676C85BF84}"
EndProject
Global
	GlobalSection(SolutionConfigurationPlatforms) = preSolution
		Debug|Any CPU = Debug|Any CPU
		Release|Any CPU = Release|Any CPU
	EndGlobalSection
	GlobalSection(ProjectConfigurationPlatforms) = postSolution
		{4D737E3B-A46C-4333-B30C-FA6AEBEF4E0F}.Debug|Any CPU.ActiveCfg = Debug|Any CPU
		{4D737E3B-A46C-4333-B30C-FA6AEBEF4E0F}.Debug|Any CPU.Build.0 = Debug|Any CPU
		{4D737E3B-A46C-4333-B30C-FA6AEBEF4E0F}.Release|Any CPU.ActiveCfg = Release|Any CPU
		{4D737E3B-A46C-4333-B30C-FA6AEBEF4E0F}.Release|Any CPU.Build.0 = Release|Any CPU
		{08C99E3D-AEF4-470C-B450-DC75E16D9348}.Debug|Any CPU.ActiveCfg = Debug|Any CPU
		{08C99E3D-AEF4-470C-B450-DC75E16D9348}.Debug|Any CPU.Build.0 = Debug|Any CPU
		{08C99E3D-AEF4-470C-B450-DC75E16D9348}.Release|Any CPU.ActiveCfg = Release|Any CPU
		{08C99E3D-AEF4-470C-B450-DC75E16D9348}.Release|Any CPU.Build.0 = Release|Any CPU
		{4E34BA44-E064-49BA-A4BE-AF21D117C1F3}.Debug|Any CPU.ActiveCfg = Debug|Any CPU
		{4E34BA44-E064-49BA-A4BE-AF21D117C1F3}.Debug|Any CPU.Build.0 = Debug|Any CPU
		{4E34BA44-E064-49BA-A4BE-AF21D117C1F3}.Release|Any CPU.ActiveCfg = Release|Any CPU
		{4E34BA44-E064-49BA-A4BE-AF21D117C1F3}.Release|Any CPU.Build.0 = Release|Any CPU
		{47F45138-381E-406A-B6AB-BA8A6E04BCF7}.Debug|Any CPU.ActiveCfg = Debug|Any CPU
		{47F45138-381E-406A-B6AB-BA8A6E04BCF7}.Debug|Any CPU.Build.0 = Debug|Any CPU
		{47F45138-381E-406A-B6AB-BA8A6E04BCF7}.Release|Any CPU.ActiveCfg = Release|Any CPU
		{47F45138-381E-406A-B6AB-BA8A6E04BCF7}.Release|Any CPU.Build.0 = Release|Any CPU
		{EB938944-3861-4425-92D1-497733F3DFC5}.Debug|Any CPU.ActiveCfg = Debug|Any CPU
		{EB938944-3861-4425-92D1-497733F3DFC5}.Debug|Any CPU.Build.0 = Debug|Any CPU
		{EB938944-3861-4425-92D1-497733F3DFC5}.Release|Any CPU.ActiveCfg = Release|Any CPU
		{EB938944-3861-4425-92D1-497733F3DFC5}.Release|Any CPU.Build.0 = Release|Any CPU
		{AB49F182-6FAE-4D23-9DD8-30676C85BF84}.Debug|Any CPU.ActiveCfg = Debug|Any CPU
		{AB49F182-6FAE-4D23-9DD8-30676C85BF84}.Debug|Any CPU.Build.0 = Debug|Any CPU
		{AB49F182-6FAE-4D23-9DD8-30676C85BF84}.Release|Any CPU.ActiveCfg = Release|Any CPU
		{AB49F182-6FAE-4D23-9DD8-30676C85BF84}.Release|Any CPU.Build.0 = Release|Any CPU
	EndGlobalSection
	GlobalSection(SolutionProperties) = preSolution
		HideSolutionNode = FALSE
	EndGlobalSection
	GlobalSection(NestedProjects) = preSolution
		{B6883195-8C54-4242-9C49-40CB15447024} = {F442AEE8-BA7F-47D3-9DA7-018BFFB6218B}
		{EB5923E9-3DF7-4E15-8C85-914FF656892E} = {F442AEE8-BA7F-47D3-9DA7-018BFFB6218B}
		{397B856A-B6BD-465C-A577-4F3D3C7B3CD0} = {F442AEE8-BA7F-47D3-9DA7-018BFFB6218B}
		{4D737E3B-A46C-4333-B30C-FA6AEBEF4E0F} = {397B856A-B6BD-465C-A577-4F3D3C7B3CD0}
		{08C99E3D-AEF4-470C-B450-DC75E16D9348} = {397B856A-B6BD-465C-A577-4F3D3C7B3CD0}
		{0BF35B2C-C17D-4AFF-B9D4-03A853A3456C} = {F442AEE8-BA7F-47D3-9DA7-018BFFB6218B}
		{4E34BA44-E064-49BA-A4BE-AF21D117C1F3} = {EB5923E9-3DF7-4E15-8C85-914FF656892E}
		{47F45138-381E-406A-B6AB-BA8A6E04BCF7} = {EB5923E9-3DF7-4E15-8C85-914FF656892E}
		{EB938944-3861-4425-92D1-497733F3DFC5} = {0BF35B2C-C17D-4AFF-B9D4-03A853A3456C}
		{AB49F182-6FAE-4D23-9DD8-30676C85BF84} = {B6883195-8C54-4242-9C49-40CB15447024}
	EndGlobalSection
	GlobalSection(ExtensibilityGlobals) = postSolution
		SolutionGuid = {7D8777D4-7DE8-4645-9B08-ED82ACCE3D16}
	EndGlobalSection
EndGlobal
